// !$*UTF8*$!
{
	archiveVersion = 1;
	classes = {
	};
	objectVersion = 51;
	objects = {

/* Begin PBXBuildFile section */
		3A1AF679235180DA0052A61C /* HomeAPI.swift in Sources */ = {isa = PBXBuildFile; fileRef = 3A1AF678235180DA0052A61C /* HomeAPI.swift */; };
		3A1AF67B2351850D0052A61C /* HomeService.swift in Sources */ = {isa = PBXBuildFile; fileRef = 3A1AF67A2351850D0052A61C /* HomeService.swift */; };
		3A1AF67D235457CC0052A61C /* HomeViewController.swift in Sources */ = {isa = PBXBuildFile; fileRef = 3A1AF67C235457CC0052A61C /* HomeViewController.swift */; };
		3A1AF67F2354581E0052A61C /* HomeMainView.swift in Sources */ = {isa = PBXBuildFile; fileRef = 3A1AF67E2354581E0052A61C /* HomeMainView.swift */; };
		3A1AF681235498110052A61C /* HomeCell.swift in Sources */ = {isa = PBXBuildFile; fileRef = 3A1AF680235498100052A61C /* HomeCell.swift */; };
		3A1AF68A23574BF10052A61C /* OnlyViewController.swift in Sources */ = {isa = PBXBuildFile; fileRef = 3A1AF68823574BF10052A61C /* OnlyViewController.swift */; };
		3A1AF68E23574EB80052A61C /* OnlyViewModel.swift in Sources */ = {isa = PBXBuildFile; fileRef = 3A1AF68D23574EB80052A61C /* OnlyViewModel.swift */; };
		3A1AF69023574ECD0052A61C /* OnlyModel.swift in Sources */ = {isa = PBXBuildFile; fileRef = 3A1AF68F23574ECD0052A61C /* OnlyModel.swift */; };
		3A1AF69223575F350052A61C /* OnlyMainView.swift in Sources */ = {isa = PBXBuildFile; fileRef = 3A1AF69123575F350052A61C /* OnlyMainView.swift */; };
		3A41AA9E23505EEF00B19FB8 /* AppDelegate.swift in Sources */ = {isa = PBXBuildFile; fileRef = 3A41AA9D23505EEF00B19FB8 /* AppDelegate.swift */; };
		3A41AAA023505EEF00B19FB8 /* SceneDelegate.swift in Sources */ = {isa = PBXBuildFile; fileRef = 3A41AA9F23505EEF00B19FB8 /* SceneDelegate.swift */; };
		3A41AAA223505EEF00B19FB8 /* ContentView.swift in Sources */ = {isa = PBXBuildFile; fileRef = 3A41AAA123505EEF00B19FB8 /* ContentView.swift */; };
		3A41AAA423505EF100B19FB8 /* Assets.xcassets in Resources */ = {isa = PBXBuildFile; fileRef = 3A41AAA323505EF100B19FB8 /* Assets.xcassets */; };
		3A41AAA723505EF100B19FB8 /* Preview Assets.xcassets in Resources */ = {isa = PBXBuildFile; fileRef = 3A41AAA623505EF100B19FB8 /* Preview Assets.xcassets */; };
		3A41AAAA23505EF100B19FB8 /* LaunchScreen.storyboard in Resources */ = {isa = PBXBuildFile; fileRef = 3A41AAA823505EF100B19FB8 /* LaunchScreen.storyboard */; };
		3A41AABE235067C400B19FB8 /* HomeViewModel.swift in Sources */ = {isa = PBXBuildFile; fileRef = 3A41AABD235067C400B19FB8 /* HomeViewModel.swift */; };
		3A41AAC0235068C600B19FB8 /* HomeModel.swift in Sources */ = {isa = PBXBuildFile; fileRef = 3A41AABF235068C600B19FB8 /* HomeModel.swift */; };
		6EA7789162B7D489B57ED774 /* Pods_MVVM.framework in Frameworks */ = {isa = PBXBuildFile; fileRef = F2FBA1F8FA33E85EE4255CD2 /* Pods_MVVM.framework */; };
/* End PBXBuildFile section */

/* Begin PBXFileReference section */
		3A1AF678235180DA0052A61C /* HomeAPI.swift */ = {isa = PBXFileReference; lastKnownFileType = sourcecode.swift; path = HomeAPI.swift; sourceTree = "<group>"; };
		3A1AF67A2351850D0052A61C /* HomeService.swift */ = {isa = PBXFileReference; lastKnownFileType = sourcecode.swift; path = HomeService.swift; sourceTree = "<group>"; };
		3A1AF67C235457CC0052A61C /* HomeViewController.swift */ = {isa = PBXFileReference; lastKnownFileType = sourcecode.swift; path = HomeViewController.swift; sourceTree = "<group>"; };
		3A1AF67E2354581E0052A61C /* HomeMainView.swift */ = {isa = PBXFileReference; lastKnownFileType = sourcecode.swift; path = HomeMainView.swift; sourceTree = "<group>"; };
		3A1AF680235498100052A61C /* HomeCell.swift */ = {isa = PBXFileReference; lastKnownFileType = sourcecode.swift; path = HomeCell.swift; sourceTree = "<group>"; };
		3A1AF68823574BF10052A61C /* OnlyViewController.swift */ = {isa = PBXFileReference; lastKnownFileType = sourcecode.swift; path = OnlyViewController.swift; sourceTree = "<group>"; };
		3A1AF68D23574EB80052A61C /* OnlyViewModel.swift */ = {isa = PBXFileReference; lastKnownFileType = sourcecode.swift; path = OnlyViewModel.swift; sourceTree = "<group>"; };
		3A1AF68F23574ECD0052A61C /* OnlyModel.swift */ = {isa = PBXFileReference; lastKnownFileType = sourcecode.swift; path = OnlyModel.swift; sourceTree = "<group>"; };
		3A1AF69123575F350052A61C /* OnlyMainView.swift */ = {isa = PBXFileReference; lastKnownFileType = sourcecode.swift; path = OnlyMainView.swift; sourceTree = "<group>"; };
		3A41AA9A23505EEF00B19FB8 /* MVVM.app */ = {isa = PBXFileReference; explicitFileType = wrapper.application; includeInIndex = 0; path = MVVM.app; sourceTree = BUILT_PRODUCTS_DIR; };
		3A41AA9D23505EEF00B19FB8 /* AppDelegate.swift */ = {isa = PBXFileReference; lastKnownFileType = sourcecode.swift; path = AppDelegate.swift; sourceTree = "<group>"; };
		3A41AA9F23505EEF00B19FB8 /* SceneDelegate.swift */ = {isa = PBXFileReference; lastKnownFileType = sourcecode.swift; path = SceneDelegate.swift; sourceTree = "<group>"; };
		3A41AAA123505EEF00B19FB8 /* ContentView.swift */ = {isa = PBXFileReference; lastKnownFileType = sourcecode.swift; path = ContentView.swift; sourceTree = "<group>"; };
		3A41AAA323505EF100B19FB8 /* Assets.xcassets */ = {isa = PBXFileReference; lastKnownFileType = folder.assetcatalog; path = Assets.xcassets; sourceTree = "<group>"; };
		3A41AAA623505EF100B19FB8 /* Preview Assets.xcassets */ = {isa = PBXFileReference; lastKnownFileType = folder.assetcatalog; path = "Preview Assets.xcassets"; sourceTree = "<group>"; };
		3A41AAA923505EF100B19FB8 /* Base */ = {isa = PBXFileReference; lastKnownFileType = file.storyboard; name = Base; path = Base.lproj/LaunchScreen.storyboard; sourceTree = "<group>"; };
		3A41AAAB23505EF100B19FB8 /* Info.plist */ = {isa = PBXFileReference; lastKnownFileType = text.plist.xml; path = Info.plist; sourceTree = "<group>"; };
		3A41AABD235067C400B19FB8 /* HomeViewModel.swift */ = {isa = PBXFileReference; lastKnownFileType = sourcecode.swift; path = HomeViewModel.swift; sourceTree = "<group>"; };
		3A41AABF235068C600B19FB8 /* HomeModel.swift */ = {isa = PBXFileReference; lastKnownFileType = sourcecode.swift; path = HomeModel.swift; sourceTree = "<group>"; };
		853EBAB1C9E16D9CB5784BA8 /* Pods-MVVM.release.xcconfig */ = {isa = PBXFileReference; includeInIndex = 1; lastKnownFileType = text.xcconfig; name = "Pods-MVVM.release.xcconfig"; path = "Target Support Files/Pods-MVVM/Pods-MVVM.release.xcconfig"; sourceTree = "<group>"; };
		8F5F1B7CE5F0E8553B237559 /* Pods-MVVM.debug.xcconfig */ = {isa = PBXFileReference; includeInIndex = 1; lastKnownFileType = text.xcconfig; name = "Pods-MVVM.debug.xcconfig"; path = "Target Support Files/Pods-MVVM/Pods-MVVM.debug.xcconfig"; sourceTree = "<group>"; };
		F2FBA1F8FA33E85EE4255CD2 /* Pods_MVVM.framework */ = {isa = PBXFileReference; explicitFileType = wrapper.framework; includeInIndex = 0; path = Pods_MVVM.framework; sourceTree = BUILT_PRODUCTS_DIR; };
/* End PBXFileReference section */

/* Begin PBXFrameworksBuildPhase section */
		3A41AA9723505EEF00B19FB8 /* Frameworks */ = {
			isa = PBXFrameworksBuildPhase;
			buildActionMask = 2147483647;
			files = (
				6EA7789162B7D489B57ED774 /* Pods_MVVM.framework in Frameworks */,
			);
			runOnlyForDeploymentPostprocessing = 0;
		};
/* End PBXFrameworksBuildPhase section */

/* Begin PBXGroup section */
		29A8394D3D4696042DD6EA59 /* Frameworks */ = {
			isa = PBXGroup;
			children = (
				F2FBA1F8FA33E85EE4255CD2 /* Pods_MVVM.framework */,
			);
			name = Frameworks;
			sourceTree = "<group>";
		};
		3A1AF68223574AE70052A61C /* 只存在Controller */ = {
			isa = PBXGroup;
			children = (
				3A1AF68C23574EA20052A61C /* ViewModel */,
				3A1AF68523574B450052A61C /* Model */,
				3A1AF68423574B380052A61C /* Controller */,
				3A1AF68323574B280052A61C /* View */,
			);
			path = "只存在Controller";
			sourceTree = "<group>";
		};
		3A1AF68323574B280052A61C /* View */ = {
			isa = PBXGroup;
			children = (
				3A1AF69123575F350052A61C /* OnlyMainView.swift */,
			);
			path = View;
			sourceTree = "<group>";
		};
		3A1AF68423574B380052A61C /* Controller */ = {
			isa = PBXGroup;
			children = (
				3A1AF68823574BF10052A61C /* OnlyViewController.swift */,
			);
			path = Controller;
			sourceTree = "<group>";
		};
		3A1AF68523574B450052A61C /* Model */ = {
			isa = PBXGroup;
			children = (
				3A1AF68F23574ECD0052A61C /* OnlyModel.swift */,
			);
			path = Model;
			sourceTree = "<group>";
		};
		3A1AF68C23574EA20052A61C /* ViewModel */ = {
			isa = PBXGroup;
			children = (
				3A1AF68D23574EB80052A61C /* OnlyViewModel.swift */,
			);
			path = ViewModel;
			sourceTree = "<group>";
		};
		3A41AA9123505EEF00B19FB8 = {
			isa = PBXGroup;
			children = (
				3A41AA9C23505EEF00B19FB8 /* MVVM */,
				3A41AA9B23505EEF00B19FB8 /* Products */,
				AF38FB7A0B4EEDE903CE0FBF /* Pods */,
				29A8394D3D4696042DD6EA59 /* Frameworks */,
			);
			sourceTree = "<group>";
		};
		3A41AA9B23505EEF00B19FB8 /* Products */ = {
			isa = PBXGroup;
			children = (
				3A41AA9A23505EEF00B19FB8 /* MVVM.app */,
			);
			name = Products;
			sourceTree = "<group>";
		};
		3A41AA9C23505EEF00B19FB8 /* MVVM */ = {
			isa = PBXGroup;
			children = (
				3A41AAB62350634E00B19FB8 /* Expand */,
				3A41AAB52350632B00B19FB8 /* General */,
				3A41AAB4235062FE00B19FB8 /* Vender */,
				3A41AAB3235062E200B19FB8 /* Module */,
				3A41AAB2235062C300B19FB8 /* AppEntry */,
				3A41AAB123505F1700B19FB8 /* Resource */,
				3A41AAAB23505EF100B19FB8 /* Info.plist */,
				3A41AAA523505EF100B19FB8 /* Preview Content */,
			);
			path = MVVM;
			sourceTree = "<group>";
		};
		3A41AAA523505EF100B19FB8 /* Preview Content */ = {
			isa = PBXGroup;
			children = (
				3A41AAA623505EF100B19FB8 /* Preview Assets.xcassets */,
			);
			path = "Preview Content";
			sourceTree = "<group>";
		};
		3A41AAB123505F1700B19FB8 /* Resource */ = {
			isa = PBXGroup;
			children = (
				3A41AAA323505EF100B19FB8 /* Assets.xcassets */,
				3A41AAA823505EF100B19FB8 /* LaunchScreen.storyboard */,
			);
			path = Resource;
			sourceTree = "<group>";
		};
		3A41AAB2235062C300B19FB8 /* AppEntry */ = {
			isa = PBXGroup;
			children = (
				3A41AA9D23505EEF00B19FB8 /* AppDelegate.swift */,
				3A41AA9F23505EEF00B19FB8 /* SceneDelegate.swift */,
				3A41AAA123505EEF00B19FB8 /* ContentView.swift */,
			);
			path = AppEntry;
			sourceTree = "<group>";
		};
		3A41AAB3235062E200B19FB8 /* Module */ = {
			isa = PBXGroup;
			children = (
				3A1AF68223574AE70052A61C /* 只存在Controller */,
				3A41AAB7235063A300B19FB8 /* 推荐 */,
			);
			path = Module;
			sourceTree = "<group>";
		};
		3A41AAB4235062FE00B19FB8 /* Vender */ = {
			isa = PBXGroup;
			children = (
			);
			path = Vender;
			sourceTree = "<group>";
		};
		3A41AAB52350632B00B19FB8 /* General */ = {
			isa = PBXGroup;
			children = (
			);
			path = General;
			sourceTree = "<group>";
		};
		3A41AAB62350634E00B19FB8 /* Expand */ = {
			isa = PBXGroup;
			children = (
			);
			path = Expand;
			sourceTree = "<group>";
		};
		3A41AAB7235063A300B19FB8 /* 推荐 */ = {
			isa = PBXGroup;
			children = (
				3A41AABC2350642400B19FB8 /* View */,
				3A41AABB2350641A00B19FB8 /* Service */,
				3A41AABA235063F800B19FB8 /* Model */,
				3A41AAB9235063BE00B19FB8 /* ViewModel */,
				3A41AAB8235063AD00B19FB8 /* Controller */,
			);
			path = "推荐";
			sourceTree = "<group>";
		};
		3A41AAB8235063AD00B19FB8 /* Controller */ = {
			isa = PBXGroup;
			children = (
				3A1AF67C235457CC0052A61C /* HomeViewController.swift */,
			);
			path = Controller;
			sourceTree = "<group>";
		};
		3A41AAB9235063BE00B19FB8 /* ViewModel */ = {
			isa = PBXGroup;
			children = (
				3A41AABD235067C400B19FB8 /* HomeViewModel.swift */,
			);
			path = ViewModel;
			sourceTree = "<group>";
		};
		3A41AABA235063F800B19FB8 /* Model */ = {
			isa = PBXGroup;
			children = (
				3A41AABF235068C600B19FB8 /* HomeModel.swift */,
			);
			path = Model;
			sourceTree = "<group>";
		};
		3A41AABB2350641A00B19FB8 /* Service */ = {
			isa = PBXGroup;
			children = (
				3A1AF678235180DA0052A61C /* HomeAPI.swift */,
				3A1AF67A2351850D0052A61C /* HomeService.swift */,
			);
			path = Service;
			sourceTree = "<group>";
		};
		3A41AABC2350642400B19FB8 /* View */ = {
			isa = PBXGroup;
			children = (
				3A1AF67E2354581E0052A61C /* HomeMainView.swift */,
				3A1AF680235498100052A61C /* HomeCell.swift */,
			);
			path = View;
			sourceTree = "<group>";
		};
		AF38FB7A0B4EEDE903CE0FBF /* Pods */ = {
			isa = PBXGroup;
			children = (
				8F5F1B7CE5F0E8553B237559 /* Pods-MVVM.debug.xcconfig */,
				853EBAB1C9E16D9CB5784BA8 /* Pods-MVVM.release.xcconfig */,
			);
			path = Pods;
			sourceTree = "<group>";
		};
/* End PBXGroup section */

/* Begin PBXNativeTarget section */
		3A41AA9923505EEF00B19FB8 /* MVVM */ = {
			isa = PBXNativeTarget;
			buildConfigurationList = 3A41AAAE23505EF100B19FB8 /* Build configuration list for PBXNativeTarget "MVVM" */;
			buildPhases = (
				EAAA09131731A1A8AF97D06F /* [CP] Check Pods Manifest.lock */,
				3A41AA9623505EEF00B19FB8 /* Sources */,
				3A41AA9723505EEF00B19FB8 /* Frameworks */,
				3A41AA9823505EEF00B19FB8 /* Resources */,
				3DD6AFC67053D0CD793C0882 /* [CP] Embed Pods Frameworks */,
			);
			buildRules = (
			);
			dependencies = (
			);
			name = MVVM;
			productName = MVVM;
			productReference = 3A41AA9A23505EEF00B19FB8 /* MVVM.app */;
			productType = "com.apple.product-type.application";
		};
/* End PBXNativeTarget section */

/* Begin PBXProject section */
		3A41AA9223505EEF00B19FB8 /* Project object */ = {
			isa = PBXProject;
			attributes = {
				LastSwiftUpdateCheck = 1100;
				LastUpgradeCheck = 1100;
				ORGANIZATIONNAME = hans;
				TargetAttributes = {
					3A41AA9923505EEF00B19FB8 = {
						CreatedOnToolsVersion = 11.0;
					};
				};
			};
			buildConfigurationList = 3A41AA9523505EEF00B19FB8 /* Build configuration list for PBXProject "MVVM" */;
			compatibilityVersion = "Xcode 9.3";
			developmentRegion = en;
			hasScannedForEncodings = 0;
			knownRegions = (
				en,
				Base,
			);
			mainGroup = 3A41AA9123505EEF00B19FB8;
			productRefGroup = 3A41AA9B23505EEF00B19FB8 /* Products */;
			projectDirPath = "";
			projectRoot = "";
			targets = (
				3A41AA9923505EEF00B19FB8 /* MVVM */,
			);
		};
/* End PBXProject section */

/* Begin PBXResourcesBuildPhase section */
		3A41AA9823505EEF00B19FB8 /* Resources */ = {
			isa = PBXResourcesBuildPhase;
			buildActionMask = 2147483647;
			files = (
				3A41AAAA23505EF100B19FB8 /* LaunchScreen.storyboard in Resources */,
				3A41AAA723505EF100B19FB8 /* Preview Assets.xcassets in Resources */,
				3A41AAA423505EF100B19FB8 /* Assets.xcassets in Resources */,
			);
			runOnlyForDeploymentPostprocessing = 0;
		};
/* End PBXResourcesBuildPhase section */

/* Begin PBXShellScriptBuildPhase section */
		3DD6AFC67053D0CD793C0882 /* [CP] Embed Pods Frameworks */ = {
			isa = PBXShellScriptBuildPhase;
			buildActionMask = 2147483647;
			files = (
			);
			inputFileListPaths = (
				"${PODS_ROOT}/Target Support Files/Pods-MVVM/Pods-MVVM-frameworks-${CONFIGURATION}-input-files.xcfilelist",
			);
			name = "[CP] Embed Pods Frameworks";
			outputFileListPaths = (
				"${PODS_ROOT}/Target Support Files/Pods-MVVM/Pods-MVVM-frameworks-${CONFIGURATION}-output-files.xcfilelist",
			);
			runOnlyForDeploymentPostprocessing = 0;
			shellPath = /bin/sh;
			shellScript = "\"${PODS_ROOT}/Target Support Files/Pods-MVVM/Pods-MVVM-frameworks.sh\"\n";
			showEnvVarsInLog = 0;
		};
		EAAA09131731A1A8AF97D06F /* [CP] Check Pods Manifest.lock */ = {
			isa = PBXShellScriptBuildPhase;
			buildActionMask = 2147483647;
			files = (
			);
			inputFileListPaths = (
			);
			inputPaths = (
				"${PODS_PODFILE_DIR_PATH}/Podfile.lock",
				"${PODS_ROOT}/Manifest.lock",
			);
			name = "[CP] Check Pods Manifest.lock";
			outputFileListPaths = (
			);
			outputPaths = (
				"$(DERIVED_FILE_DIR)/Pods-MVVM-checkManifestLockResult.txt",
			);
			runOnlyForDeploymentPostprocessing = 0;
			shellPath = /bin/sh;
			shellScript = "diff \"${PODS_PODFILE_DIR_PATH}/Podfile.lock\" \"${PODS_ROOT}/Manifest.lock\" > /dev/null\nif [ $? != 0 ] ; then\n    # print error to STDERR\n    echo \"error: The sandbox is not in sync with the Podfile.lock. Run 'pod install' or update your CocoaPods installation.\" >&2\n    exit 1\nfi\n# This output is used by Xcode 'outputs' to avoid re-running this script phase.\necho \"SUCCESS\" > \"${SCRIPT_OUTPUT_FILE_0}\"\n";
			showEnvVarsInLog = 0;
		};
/* End PBXShellScriptBuildPhase section */

/* Begin PBXSourcesBuildPhase section */
		3A41AA9623505EEF00B19FB8 /* Sources */ = {
			isa = PBXSourcesBuildPhase;
			buildActionMask = 2147483647;
			files = (
				3A1AF67B2351850D0052A61C /* HomeService.swift in Sources */,
				3A1AF679235180DA0052A61C /* HomeAPI.swift in Sources */,
				3A1AF69023574ECD0052A61C /* OnlyModel.swift in Sources */,
				3A1AF69223575F350052A61C /* OnlyMainView.swift in Sources */,
				3A41AA9E23505EEF00B19FB8 /* AppDelegate.swift in Sources */,
				3A1AF67D235457CC0052A61C /* HomeViewController.swift in Sources */,
				3A1AF681235498110052A61C /* HomeCell.swift in Sources */,
				3A41AAA023505EEF00B19FB8 /* SceneDelegate.swift in Sources */,
				3A41AAA223505EEF00B19FB8 /* ContentView.swift in Sources */,
				3A1AF67F2354581E0052A61C /* HomeMainView.swift in Sources */,
				3A1AF68E23574EB80052A61C /* OnlyViewModel.swift in Sources */,
				3A41AAC0235068C600B19FB8 /* HomeModel.swift in Sources */,
				3A1AF68A23574BF10052A61C /* OnlyViewController.swift in Sources */,
				3A41AABE235067C400B19FB8 /* HomeViewModel.swift in Sources */,
			);
			runOnlyForDeploymentPostprocessing = 0;
		};
/* End PBXSourcesBuildPhase section */

/* Begin PBXVariantGroup section */
		3A41AAA823505EF100B19FB8 /* LaunchScreen.storyboard */ = {
			isa = PBXVariantGroup;
			children = (
				3A41AAA923505EF100B19FB8 /* Base */,
			);
			name = LaunchScreen.storyboard;
			sourceTree = "<group>";
		};
/* End PBXVariantGroup section */

/* Begin XCBuildConfiguration section */
		3A41AAAC23505EF100B19FB8 /* Debug */ = {
			isa = XCBuildConfiguration;
			buildSettings = {
				ALWAYS_SEARCH_USER_PATHS = NO;
				CLANG_ANALYZER_NONNULL = YES;
				CLANG_ANALYZER_NUMBER_OBJECT_CONVERSION = YES_AGGRESSIVE;
				CLANG_CXX_LANGUAGE_STANDARD = "gnu++14";
				CLANG_CXX_LIBRARY = "libc++";
				CLANG_ENABLE_MODULES = YES;
				CLANG_ENABLE_OBJC_ARC = YES;
				CLANG_ENABLE_OBJC_WEAK = YES;
				CLANG_WARN_BLOCK_CAPTURE_AUTORELEASING = YES;
				CLANG_WARN_BOOL_CONVERSION = YES;
				CLANG_WARN_COMMA = YES;
				CLANG_WARN_CONSTANT_CONVERSION = YES;
				CLANG_WARN_DEPRECATED_OBJC_IMPLEMENTATIONS = YES;
				CLANG_WARN_DIRECT_OBJC_ISA_USAGE = YES_ERROR;
				CLANG_WARN_DOCUMENTATION_COMMENTS = YES;
				CLANG_WARN_EMPTY_BODY = YES;
				CLANG_WARN_ENUM_CONVERSION = YES;
				CLANG_WARN_INFINITE_RECURSION = YES;
				CLANG_WARN_INT_CONVERSION = YES;
				CLANG_WARN_NON_LITERAL_NULL_CONVERSION = YES;
				CLANG_WARN_OBJC_IMPLICIT_RETAIN_SELF = YES;
				CLANG_WARN_OBJC_LITERAL_CONVERSION = YES;
				CLANG_WARN_OBJC_ROOT_CLASS = YES_ERROR;
				CLANG_WARN_RANGE_LOOP_ANALYSIS = YES;
				CLANG_WARN_STRICT_PROTOTYPES = YES;
				CLANG_WARN_SUSPICIOUS_MOVE = YES;
				CLANG_WARN_UNGUARDED_AVAILABILITY = YES_AGGRESSIVE;
				CLANG_WARN_UNREACHABLE_CODE = YES;
				CLANG_WARN__DUPLICATE_METHOD_MATCH = YES;
				COPY_PHASE_STRIP = NO;
				DEBUG_INFORMATION_FORMAT = dwarf;
				ENABLE_STRICT_OBJC_MSGSEND = YES;
				ENABLE_TESTABILITY = YES;
				GCC_C_LANGUAGE_STANDARD = gnu11;
				GCC_DYNAMIC_NO_PIC = NO;
				GCC_NO_COMMON_BLOCKS = YES;
				GCC_OPTIMIZATION_LEVEL = 0;
				GCC_PREPROCESSOR_DEFINITIONS = (
					"DEBUG=1",
					"$(inherited)",
				);
				GCC_WARN_64_TO_32_BIT_CONVERSION = YES;
				GCC_WARN_ABOUT_RETURN_TYPE = YES_ERROR;
				GCC_WARN_UNDECLARED_SELECTOR = YES;
				GCC_WARN_UNINITIALIZED_AUTOS = YES_AGGRESSIVE;
				GCC_WARN_UNUSED_FUNCTION = YES;
				GCC_WARN_UNUSED_VARIABLE = YES;
				IPHONEOS_DEPLOYMENT_TARGET = 13.0;
				MTL_ENABLE_DEBUG_INFO = INCLUDE_SOURCE;
				MTL_FAST_MATH = YES;
				ONLY_ACTIVE_ARCH = YES;
				SDKROOT = iphoneos;
				SWIFT_ACTIVE_COMPILATION_CONDITIONS = DEBUG;
				SWIFT_OPTIMIZATION_LEVEL = "-Onone";
			};
			name = Debug;
		};
		3A41AAAD23505EF100B19FB8 /* Release */ = {
			isa = XCBuildConfiguration;
			buildSettings = {
				ALWAYS_SEARCH_USER_PATHS = NO;
				CLANG_ANALYZER_NONNULL = YES;
				CLANG_ANALYZER_NUMBER_OBJECT_CONVERSION = YES_AGGRESSIVE;
				CLANG_CXX_LANGUAGE_STANDARD = "gnu++14";
				CLANG_CXX_LIBRARY = "libc++";
				CLANG_ENABLE_MODULES = YES;
				CLANG_ENABLE_OBJC_ARC = YES;
				CLANG_ENABLE_OBJC_WEAK = YES;
				CLANG_WARN_BLOCK_CAPTURE_AUTORELEASING = YES;
				CLANG_WARN_BOOL_CONVERSION = YES;
				CLANG_WARN_COMMA = YES;
				CLANG_WARN_CONSTANT_CONVERSION = YES;
				CLANG_WARN_DEPRECATED_OBJC_IMPLEMENTATIONS = YES;
				CLANG_WARN_DIRECT_OBJC_ISA_USAGE = YES_ERROR;
				CLANG_WARN_DOCUMENTATION_COMMENTS = YES;
				CLANG_WARN_EMPTY_BODY = YES;
				CLANG_WARN_ENUM_CONVERSION = YES;
				CLANG_WARN_INFINITE_RECURSION = YES;
				CLANG_WARN_INT_CONVERSION = YES;
				CLANG_WARN_NON_LITERAL_NULL_CONVERSION = YES;
				CLANG_WARN_OBJC_IMPLICIT_RETAIN_SELF = YES;
				CLANG_WARN_OBJC_LITERAL_CONVERSION = YES;
				CLANG_WARN_OBJC_ROOT_CLASS = YES_ERROR;
				CLANG_WARN_RANGE_LOOP_ANALYSIS = YES;
				CLANG_WARN_STRICT_PROTOTYPES = YES;
				CLANG_WARN_SUSPICIOUS_MOVE = YES;
				CLANG_WARN_UNGUARDED_AVAILABILITY = YES_AGGRESSIVE;
				CLANG_WARN_UNREACHABLE_CODE = YES;
				CLANG_WARN__DUPLICATE_METHOD_MATCH = YES;
				COPY_PHASE_STRIP = NO;
				DEBUG_INFORMATION_FORMAT = "dwarf-with-dsym";
				ENABLE_NS_ASSERTIONS = NO;
				ENABLE_STRICT_OBJC_MSGSEND = YES;
				GCC_C_LANGUAGE_STANDARD = gnu11;
				GCC_NO_COMMON_BLOCKS = YES;
				GCC_WARN_64_TO_32_BIT_CONVERSION = YES;
				GCC_WARN_ABOUT_RETURN_TYPE = YES_ERROR;
				GCC_WARN_UNDECLARED_SELECTOR = YES;
				GCC_WARN_UNINITIALIZED_AUTOS = YES_AGGRESSIVE;
				GCC_WARN_UNUSED_FUNCTION = YES;
				GCC_WARN_UNUSED_VARIABLE = YES;
				IPHONEOS_DEPLOYMENT_TARGET = 13.0;
				MTL_ENABLE_DEBUG_INFO = NO;
				MTL_FAST_MATH = YES;
				SDKROOT = iphoneos;
				SWIFT_COMPILATION_MODE = wholemodule;
				SWIFT_OPTIMIZATION_LEVEL = "-O";
				VALIDATE_PRODUCT = YES;
			};
			name = Release;
		};
		3A41AAAF23505EF100B19FB8 /* Debug */ = {
			isa = XCBuildConfiguration;
			baseConfigurationReference = 8F5F1B7CE5F0E8553B237559 /* Pods-MVVM.debug.xcconfig */;
			buildSettings = {
				ASSETCATALOG_COMPILER_APPICON_NAME = AppIcon;
				CODE_SIGN_STYLE = Automatic;
				DEVELOPMENT_ASSET_PATHS = "\"MVVM/Preview Content\"";
				DEVELOPMENT_TEAM = ZQMYVS35YT;
				ENABLE_PREVIEWS = YES;
				INFOPLIST_FILE = MVVM/Info.plist;
				LD_RUNPATH_SEARCH_PATHS = (
					"$(inherited)",
					"@executable_path/Frameworks",
				);
				PRODUCT_BUNDLE_IDENTIFIER = com.lansesudu.MVVM;
				PRODUCT_NAME = "$(TARGET_NAME)";
				SWIFT_VERSION = 5.0;
				TARGETED_DEVICE_FAMILY = "1,2";
			};
			name = Debug;
		};
		3A41AAB023505EF100B19FB8 /* Release */ = {
			isa = XCBuildConfiguration;
			baseConfigurationReference = 853EBAB1C9E16D9CB5784BA8 /* Pods-MVVM.release.xcconfig */;
			buildSettings = {
				ASSETCATALOG_COMPILER_APPICON_NAME = AppIcon;
				CODE_SIGN_STYLE = Automatic;
				DEVELOPMENT_ASSET_PATHS = "\"MVVM/Preview Content\"";
				DEVELOPMENT_TEAM = ZQMYVS35YT;
				ENABLE_PREVIEWS = YES;
				INFOPLIST_FILE = MVVM/Info.plist;
				LD_RUNPATH_SEARCH_PATHS = (
					"$(inherited)",
					"@executable_path/Frameworks",
				);
				PRODUCT_BUNDLE_IDENTIFIER = com.lansesudu.MVVM;
				PRODUCT_NAME = "$(TARGET_NAME)";
				SWIFT_VERSION = 5.0;
				TARGETED_DEVICE_FAMILY = "1,2";
			};
			name = Release;
		};
/* End XCBuildConfiguration section */

/* Begin XCConfigurationList section */
		3A41AA9523505EEF00B19FB8 /* Build configuration list for PBXProject "MVVM" */ = {
			isa = XCConfigurationList;
			buildConfigurations = (
				3A41AAAC23505EF100B19FB8 /* Debug */,
				3A41AAAD23505EF100B19FB8 /* Release */,
			);
			defaultConfigurationIsVisible = 0;
			defaultConfigurationName = Release;
		};
		3A41AAAE23505EF100B19FB8 /* Build configuration list for PBXNativeTarget "MVVM" */ = {
			isa = XCConfigurationList;
			buildConfigurations = (
				3A41AAAF23505EF100B19FB8 /* Debug */,
				3A41AAB023505EF100B19FB8 /* Release */,
			);
			defaultConfigurationIsVisible = 0;
			defaultConfigurationName = Release;
		};
/* End XCConfigurationList section */
	};
	rootObject = 3A41AA9223505EEF00B19FB8 /* Project object */;
}
